
Microsoft Visual Studio Solution File, Format Version 12.00
# Visual Studio Version 17
VisualStudioVersion = 17.9.34723.18
MinimumVisualStudioVersion = 10.0.40219.1
Project("{FAE04EC0-301F-11D3-BF4B-00C04F79EFBC}") = "nelisile", "nelisile\nelisile.csproj", "{72DFDD47-B1E1-4348-881B-3B29AAC1622A}"
EndProject
Global
	GlobalSection(SolutionConfigurationPlatforms) = preSolution
		Debug|Any CPU = Debug|Any CPU
		Release|Any CPU = Release|Any CPU
	EndGlobalSection
	GlobalSection(ProjectConfigurationPlatforms) = postSolution
		{72DFDD47-B1E1-4348-881B-3B29AAC1622A}.Debug|Any CPU.ActiveCfg = Debug|Any CPU
		{72DFDD47-B1E1-4348-881B-3B29AAC1622A}.Debug|Any CPU.Build.0 = Debug|Any CPU
		{72DFDD47-B1E1-4348-881B-3B29AAC1622A}.Release|Any CPU.ActiveCfg = Release|Any CPU
		{72DFDD47-B1E1-4348-881B-3B29AAC1622A}.Release|Any CPU.Build.0 = Release|Any CPU
	EndGlobalSection
	GlobalSection(SolutionProperties) = preSolution
		HideSolutionNode = FALSE
	EndGlobalSection
	GlobalSection(ExtensibilityGlobals) = postSolution
		SolutionGuid = {9866C498-7411-4214-9B15-1216109EFFC6}
	EndGlobalSection
EndGlobal
